// !$*UTF8*$!
{
	archiveVersion = 1;
	classes = {
	};
	objectVersion = 46;
	objects = {

/* Begin PBXBuildFile section */
		3F0D2B9A1DE42C660025FDED /* numberPad.swift in Sources */ = {isa = PBXBuildFile; fileRef = 3F0D2B991DE42C660025FDED /* numberPad.swift */; };
		3F0D2B9B1DE42C660025FDED /* numberPad.swift in Sources */ = {isa = PBXBuildFile; fileRef = 3F0D2B991DE42C660025FDED /* numberPad.swift */; };
		3F1AF38920D90FDE00C81B37 /* SettingsVC.swift in Sources */ = {isa = PBXBuildFile; fileRef = 3F1AF38820D90FDE00C81B37 /* SettingsVC.swift */; };
		3F203D9020E0FE7A00564C28 /* timer.swift in Sources */ = {isa = PBXBuildFile; fileRef = 3F203D8F20E0FE7A00564C28 /* timer.swift */; };
		3F3113B61DE8F50800392E87 /* gamestateDeliveryBoy.swift in Sources */ = {isa = PBXBuildFile; fileRef = 3F3113B51DE8F50800392E87 /* gamestateDeliveryBoy.swift */; };
		3F3113B71DE8F50800392E87 /* gamestateDeliveryBoy.swift in Sources */ = {isa = PBXBuildFile; fileRef = 3F3113B51DE8F50800392E87 /* gamestateDeliveryBoy.swift */; };
		3F82EDBA1E134FC500B5C532 /* SettingsTableViewController.swift in Sources */ = {isa = PBXBuildFile; fileRef = 3F82EDB91E134FC500B5C532 /* SettingsTableViewController.swift */; };
		3FEDDB331DE247BF0019C0D5 /* AppDelegate.swift in Sources */ = {isa = PBXBuildFile; fileRef = 3FEDDB321DE247BF0019C0D5 /* AppDelegate.swift */; };
		3FEDDB351DE247BF0019C0D5 /* ViewController.swift in Sources */ = {isa = PBXBuildFile; fileRef = 3FEDDB341DE247BF0019C0D5 /* ViewController.swift */; };
		3FEDDB381DE247BF0019C0D5 /* Main.storyboard in Resources */ = {isa = PBXBuildFile; fileRef = 3FEDDB361DE247BF0019C0D5 /* Main.storyboard */; };
		3FEDDB3B1DE247BF0019C0D5 /* Sudoku.xcdatamodeld in Sources */ = {isa = PBXBuildFile; fileRef = 3FEDDB391DE247BF0019C0D5 /* Sudoku.xcdatamodeld */; };
		3FEDDB3D1DE247BF0019C0D5 /* Assets.xcassets in Resources */ = {isa = PBXBuildFile; fileRef = 3FEDDB3C1DE247BF0019C0D5 /* Assets.xcassets */; };
		3FEDDB401DE247BF0019C0D5 /* LaunchScreen.storyboard in Resources */ = {isa = PBXBuildFile; fileRef = 3FEDDB3E1DE247BF0019C0D5 /* LaunchScreen.storyboard */; };
		3FEDDB4B1DE247BF0019C0D5 /* SudokuTests.swift in Sources */ = {isa = PBXBuildFile; fileRef = 3FEDDB4A1DE247BF0019C0D5 /* SudokuTests.swift */; };
		3FEDDB561DE247D60019C0D5 /* sudokuBoard.swift in Sources */ = {isa = PBXBuildFile; fileRef = 3FEDDB551DE247D60019C0D5 /* sudokuBoard.swift */; };
		3FEDDB571DE247D60019C0D5 /* sudokuBoard.swift in Sources */ = {isa = PBXBuildFile; fileRef = 3FEDDB551DE247D60019C0D5 /* sudokuBoard.swift */; };
/* End PBXBuildFile section */

/* Begin PBXContainerItemProxy section */
		3FEDDB471DE247BF0019C0D5 /* PBXContainerItemProxy */ = {
			isa = PBXContainerItemProxy;
			containerPortal = 3FEDDB271DE247BF0019C0D5 /* Project object */;
			proxyType = 1;
			remoteGlobalIDString = 3FEDDB2E1DE247BF0019C0D5;
			remoteInfo = Sudoku;
		};
/* End PBXContainerItemProxy section */

/* Begin PBXFileReference section */
		3F0D2B991DE42C660025FDED /* numberPad.swift */ = {isa = PBXFileReference; fileEncoding = 4; lastKnownFileType = sourcecode.swift; path = numberPad.swift; sourceTree = "<group>"; };
		3F1AF38820D90FDE00C81B37 /* SettingsVC.swift */ = {isa = PBXFileReference; lastKnownFileType = sourcecode.swift; path = SettingsVC.swift; sourceTree = "<group>"; };
		3F203D8F20E0FE7A00564C28 /* timer.swift */ = {isa = PBXFileReference; lastKnownFileType = sourcecode.swift; path = timer.swift; sourceTree = "<group>"; };
		3F3113B51DE8F50800392E87 /* gamestateDeliveryBoy.swift */ = {isa = PBXFileReference; fileEncoding = 4; lastKnownFileType = sourcecode.swift; path = gamestateDeliveryBoy.swift; sourceTree = "<group>"; };
		3F82EDB91E134FC500B5C532 /* SettingsTableViewController.swift */ = {isa = PBXFileReference; fileEncoding = 4; lastKnownFileType = sourcecode.swift; path = SettingsTableViewController.swift; sourceTree = "<group>"; };
		3FEDDB2F1DE247BF0019C0D5 /* Sudoku.app */ = {isa = PBXFileReference; explicitFileType = wrapper.application; includeInIndex = 0; path = Sudoku.app; sourceTree = BUILT_PRODUCTS_DIR; };
		3FEDDB321DE247BF0019C0D5 /* AppDelegate.swift */ = {isa = PBXFileReference; lastKnownFileType = sourcecode.swift; path = AppDelegate.swift; sourceTree = "<group>"; };
		3FEDDB341DE247BF0019C0D5 /* ViewController.swift */ = {isa = PBXFileReference; lastKnownFileType = sourcecode.swift; path = ViewController.swift; sourceTree = "<group>"; };
		3FEDDB371DE247BF0019C0D5 /* Base */ = {isa = PBXFileReference; lastKnownFileType = file.storyboard; name = Base; path = Base.lproj/Main.storyboard; sourceTree = "<group>"; };
		3FEDDB3A1DE247BF0019C0D5 /* Sudoku.xcdatamodel */ = {isa = PBXFileReference; lastKnownFileType = wrapper.xcdatamodel; path = Sudoku.xcdatamodel; sourceTree = "<group>"; };
		3FEDDB3C1DE247BF0019C0D5 /* Assets.xcassets */ = {isa = PBXFileReference; lastKnownFileType = folder.assetcatalog; path = Assets.xcassets; sourceTree = "<group>"; };
		3FEDDB3F1DE247BF0019C0D5 /* Base */ = {isa = PBXFileReference; lastKnownFileType = file.storyboard; name = Base; path = Base.lproj/LaunchScreen.storyboard; sourceTree = "<group>"; };
		3FEDDB411DE247BF0019C0D5 /* Info.plist */ = {isa = PBXFileReference; lastKnownFileType = text.plist.xml; path = Info.plist; sourceTree = "<group>"; };
		3FEDDB461DE247BF0019C0D5 /* SudokuTests.xctest */ = {isa = PBXFileReference; explicitFileType = wrapper.cfbundle; includeInIndex = 0; path = SudokuTests.xctest; sourceTree = BUILT_PRODUCTS_DIR; };
		3FEDDB4A1DE247BF0019C0D5 /* SudokuTests.swift */ = {isa = PBXFileReference; lastKnownFileType = sourcecode.swift; path = SudokuTests.swift; sourceTree = "<group>"; };
		3FEDDB4C1DE247BF0019C0D5 /* Info.plist */ = {isa = PBXFileReference; lastKnownFileType = text.plist.xml; path = Info.plist; sourceTree = "<group>"; };
		3FEDDB551DE247D60019C0D5 /* sudokuBoard.swift */ = {isa = PBXFileReference; fileEncoding = 4; lastKnownFileType = sourcecode.swift; path = sudokuBoard.swift; sourceTree = "<group>"; };
/* End PBXFileReference section */

/* Begin PBXFrameworksBuildPhase section */
		3FEDDB2C1DE247BF0019C0D5 /* Frameworks */ = {
			isa = PBXFrameworksBuildPhase;
			buildActionMask = 2147483647;
			files = (
			);
			runOnlyForDeploymentPostprocessing = 0;
		};
		3FEDDB431DE247BF0019C0D5 /* Frameworks */ = {
			isa = PBXFrameworksBuildPhase;
			buildActionMask = 2147483647;
			files = (
			);
			runOnlyForDeploymentPostprocessing = 0;
		};
/* End PBXFrameworksBuildPhase section */

/* Begin PBXGroup section */
		3FEDDB261DE247BF0019C0D5 = {
			isa = PBXGroup;
			children = (
				3FEDDB311DE247BF0019C0D5 /* Sudoku */,
				3FEDDB491DE247BF0019C0D5 /* SudokuTests */,
				3FEDDB301DE247BF0019C0D5 /* Products */,
			);
			sourceTree = "<group>";
		};
		3FEDDB301DE247BF0019C0D5 /* Products */ = {
			isa = PBXGroup;
			children = (
				3FEDDB2F1DE247BF0019C0D5 /* Sudoku.app */,
				3FEDDB461DE247BF0019C0D5 /* SudokuTests.xctest */,
			);
			name = Products;
			sourceTree = "<group>";
		};
		3FEDDB311DE247BF0019C0D5 /* Sudoku */ = {
			isa = PBXGroup;
			children = (
				3FEDDB321DE247BF0019C0D5 /* AppDelegate.swift */,
				3FEDDB341DE247BF0019C0D5 /* ViewController.swift */,
				3FEDDB361DE247BF0019C0D5 /* Main.storyboard */,
				3FEDDB3C1DE247BF0019C0D5 /* Assets.xcassets */,
				3FEDDB3E1DE247BF0019C0D5 /* LaunchScreen.storyboard */,
				3FEDDB411DE247BF0019C0D5 /* Info.plist */,
				3FEDDB391DE247BF0019C0D5 /* Sudoku.xcdatamodeld */,
				3FEDDB551DE247D60019C0D5 /* sudokuBoard.swift */,
				3F0D2B991DE42C660025FDED /* numberPad.swift */,
				3F3113B51DE8F50800392E87 /* gamestateDeliveryBoy.swift */,
				3F82EDB91E134FC500B5C532 /* SettingsTableViewController.swift */,
				3F1AF38820D90FDE00C81B37 /* SettingsVC.swift */,
				3F203D8F20E0FE7A00564C28 /* timer.swift */,
			);
			path = Sudoku;
			sourceTree = "<group>";
		};
		3FEDDB491DE247BF0019C0D5 /* SudokuTests */ = {
			isa = PBXGroup;
			children = (
				3FEDDB4A1DE247BF0019C0D5 /* SudokuTests.swift */,
				3FEDDB4C1DE247BF0019C0D5 /* Info.plist */,
			);
			path = SudokuTests;
			sourceTree = "<group>";
		};
/* End PBXGroup section */

/* Begin PBXNativeTarget section */
		3FEDDB2E1DE247BF0019C0D5 /* Sudoku */ = {
			isa = PBXNativeTarget;
			buildConfigurationList = 3FEDDB4F1DE247BF0019C0D5 /* Build configuration list for PBXNativeTarget "Sudoku" */;
			buildPhases = (
				3FEDDB2B1DE247BF0019C0D5 /* Sources */,
				3FEDDB2C1DE247BF0019C0D5 /* Frameworks */,
				3FEDDB2D1DE247BF0019C0D5 /* Resources */,
			);
			buildRules = (
			);
			dependencies = (
			);
			name = Sudoku;
			productName = Sudoku;
			productReference = 3FEDDB2F1DE247BF0019C0D5 /* Sudoku.app */;
			productType = "com.apple.product-type.application";
		};
		3FEDDB451DE247BF0019C0D5 /* SudokuTests */ = {
			isa = PBXNativeTarget;
			buildConfigurationList = 3FEDDB521DE247BF0019C0D5 /* Build configuration list for PBXNativeTarget "SudokuTests" */;
			buildPhases = (
				3FEDDB421DE247BF0019C0D5 /* Sources */,
				3FEDDB431DE247BF0019C0D5 /* Frameworks */,
				3FEDDB441DE247BF0019C0D5 /* Resources */,
			);
			buildRules = (
			);
			dependencies = (
				3FEDDB481DE247BF0019C0D5 /* PBXTargetDependency */,
			);
			name = SudokuTests;
			productName = SudokuTests;
			productReference = 3FEDDB461DE247BF0019C0D5 /* SudokuTests.xctest */;
			productType = "com.apple.product-type.bundle.unit-test";
		};
/* End PBXNativeTarget section */

/* Begin PBXProject section */
		3FEDDB271DE247BF0019C0D5 /* Project object */ = {
			isa = PBXProject;
			attributes = {
				LastSwiftUpdateCheck = 0810;
				LastUpgradeCheck = 0940;
				ORGANIZATIONNAME = "Jeremy Doneghue";
				TargetAttributes = {
					3FEDDB2E1DE247BF0019C0D5 = {
						CreatedOnToolsVersion = 8.1;
						DevelopmentTeam = 6D3BYZW743;
						LastSwiftMigration = 1000;
						ProvisioningStyle = Automatic;
					};
					3FEDDB451DE247BF0019C0D5 = {
						CreatedOnToolsVersion = 8.1;
						DevelopmentTeam = 6D3BYZW743;
						LastSwiftMigration = 1000;
						ProvisioningStyle = Automatic;
						TestTargetID = 3FEDDB2E1DE247BF0019C0D5;
					};
				};
			};
			buildConfigurationList = 3FEDDB2A1DE247BF0019C0D5 /* Build configuration list for PBXProject "Sudoku" */;
			compatibilityVersion = "Xcode 3.2";
			developmentRegion = English;
			hasScannedForEncodings = 0;
			knownRegions = (
				en,
				Base,
			);
			mainGroup = 3FEDDB261DE247BF0019C0D5;
			productRefGroup = 3FEDDB301DE247BF0019C0D5 /* Products */;
			projectDirPath = "";
			projectRoot = "";
			targets = (
				3FEDDB2E1DE247BF0019C0D5 /* Sudoku */,
				3FEDDB451DE247BF0019C0D5 /* SudokuTests */,
			);
		};
/* End PBXProject section */

/* Begin PBXResourcesBuildPhase section */
		3FEDDB2D1DE247BF0019C0D5 /* Resources */ = {
			isa = PBXResourcesBuildPhase;
			buildActionMask = 2147483647;
			files = (
				3FEDDB401DE247BF0019C0D5 /* LaunchScreen.storyboard in Resources */,
				3FEDDB3D1DE247BF0019C0D5 /* Assets.xcassets in Resources */,
				3FEDDB381DE247BF0019C0D5 /* Main.storyboard in Resources */,
			);
			runOnlyForDeploymentPostprocessing = 0;
		};
		3FEDDB441DE247BF0019C0D5 /* Resources */ = {
			isa = PBXResourcesBuildPhase;
			buildActionMask = 2147483647;
			files = (
			);
			runOnlyForDeploymentPostprocessing = 0;
		};
/* End PBXResourcesBuildPhase section */

/* Begin PBXSourcesBuildPhase section */
		3FEDDB2B1DE247BF0019C0D5 /* Sources */ = {
			isa = PBXSourcesBuildPhase;
			buildActionMask = 2147483647;
			files = (
				3F3113B61DE8F50800392E87 /* gamestateDeliveryBoy.swift in Sources */,
				3F0D2B9A1DE42C660025FDED /* numberPad.swift in Sources */,
				3FEDDB351DE247BF0019C0D5 /* ViewController.swift in Sources */,
				3FEDDB3B1DE247BF0019C0D5 /* Sudoku.xcdatamodeld in Sources */,
				3FEDDB331DE247BF0019C0D5 /* AppDelegate.swift in Sources */,
				3F1AF38920D90FDE00C81B37 /* SettingsVC.swift in Sources */,
				3F203D9020E0FE7A00564C28 /* timer.swift in Sources */,
				3FEDDB561DE247D60019C0D5 /* sudokuBoard.swift in Sources */,
				3F82EDBA1E134FC500B5C532 /* SettingsTableViewController.swift in Sources */,
			);
			runOnlyForDeploymentPostprocessing = 0;
		};
		3FEDDB421DE247BF0019C0D5 /* Sources */ = {
			isa = PBXSourcesBuildPhase;
			buildActionMask = 2147483647;
			files = (
				3F0D2B9B1DE42C660025FDED /* numberPad.swift in Sources */,
				3FEDDB4B1DE247BF0019C0D5 /* SudokuTests.swift in Sources */,
				3F3113B71DE8F50800392E87 /* gamestateDeliveryBoy.swift in Sources */,
				3FEDDB571DE247D60019C0D5 /* sudokuBoard.swift in Sources */,
			);
			runOnlyForDeploymentPostprocessing = 0;
		};
/* End PBXSourcesBuildPhase section */

/* Begin PBXTargetDependency section */
		3FEDDB481DE247BF0019C0D5 /* PBXTargetDependency */ = {
			isa = PBXTargetDependency;
			target = 3FEDDB2E1DE247BF0019C0D5 /* Sudoku */;
			targetProxy = 3FEDDB471DE247BF0019C0D5 /* PBXContainerItemProxy */;
		};
/* End PBXTargetDependency section */

/* Begin PBXVariantGroup section */
		3FEDDB361DE247BF0019C0D5 /* Main.storyboard */ = {
			isa = PBXVariantGroup;
			children = (
				3FEDDB371DE247BF0019C0D5 /* Base */,
			);
			name = Main.storyboard;
			sourceTree = "<group>";
		};
		3FEDDB3E1DE247BF0019C0D5 /* LaunchScreen.storyboard */ = {
			isa = PBXVariantGroup;
			children = (
				3FEDDB3F1DE247BF0019C0D5 /* Base */,
			);
			name = LaunchScreen.storyboard;
			sourceTree = "<group>";
		};
/* End PBXVariantGroup section */

/* Begin XCBuildConfiguration section */
		3FEDDB4D1DE247BF0019C0D5 /* Debug */ = {
			isa = XCBuildConfiguration;
			buildSettings = {
				ALWAYS_SEARCH_USER_PATHS = NO;
				CLANG_ANALYZER_NONNULL = YES;
				CLANG_CXX_LANGUAGE_STANDARD = "gnu++0x";
				CLANG_CXX_LIBRARY = "libc++";
				CLANG_ENABLE_MODULES = YES;
				CLANG_ENABLE_OBJC_ARC = YES;
				CLANG_WARN_BLOCK_CAPTURE_AUTORELEASING = YES;
				CLANG_WARN_BOOL_CONVERSION = YES;
				CLANG_WARN_COMMA = YES;
				CLANG_WARN_CONSTANT_CONVERSION = YES;
				CLANG_WARN_DEPRECATED_OBJC_IMPLEMENTATIONS = YES;
				CLANG_WARN_DIRECT_OBJC_ISA_USAGE = YES_ERROR;
				CLANG_WARN_DOCUMENTATION_COMMENTS = YES;
				CLANG_WARN_EMPTY_BODY = YES;
				CLANG_WARN_ENUM_CONVERSION = YES;
				CLANG_WARN_INFINITE_RECURSION = YES;
				CLANG_WARN_INT_CONVERSION = YES;
				CLANG_WARN_NON_LITERAL_NULL_CONVERSION = YES;
				CLANG_WARN_OBJC_IMPLICIT_RETAIN_SELF = YES;
				CLANG_WARN_OBJC_LITERAL_CONVERSION = YES;
				CLANG_WARN_OBJC_ROOT_CLASS = YES_ERROR;
				CLANG_WARN_RANGE_LOOP_ANALYSIS = YES;
				CLANG_WARN_STRICT_PROTOTYPES = YES;
				CLANG_WARN_SUSPICIOUS_MOVE = YES;
				CLANG_WARN_SUSPICIOUS_MOVES = YES;
				CLANG_WARN_UNREACHABLE_CODE = YES;
				CLANG_WARN__DUPLICATE_METHOD_MATCH = YES;
				"CODE_SIGN_IDENTITY[sdk=iphoneos*]" = "iPhone Developer";
				COPY_PHASE_STRIP = NO;
				DEBUG_INFORMATION_FORMAT = dwarf;
				ENABLE_STRICT_OBJC_MSGSEND = YES;
				ENABLE_TESTABILITY = YES;
				GCC_C_LANGUAGE_STANDARD = gnu99;
				GCC_DYNAMIC_NO_PIC = NO;
				GCC_NO_COMMON_BLOCKS = YES;
				GCC_OPTIMIZATION_LEVEL = 0;
				GCC_PREPROCESSOR_DEFINITIONS = (
					"DEBUG=1",
					"$(inherited)",
				);
				GCC_WARN_64_TO_32_BIT_CONVERSION = YES;
				GCC_WARN_ABOUT_RETURN_TYPE = YES_ERROR;
				GCC_WARN_UNDECLARED_SELECTOR = YES;
				GCC_WARN_UNINITIALIZED_AUTOS = YES_AGGRESSIVE;
				GCC_WARN_UNUSED_FUNCTION = YES;
				GCC_WARN_UNUSED_VARIABLE = YES;
				IPHONEOS_DEPLOYMENT_TARGET = 10.1;
				MTL_ENABLE_DEBUG_INFO = YES;
				ONLY_ACTIVE_ARCH = YES;
				SDKROOT = iphoneos;
				SWIFT_ACTIVE_COMPILATION_CONDITIONS = DEBUG;
				SWIFT_OPTIMIZATION_LEVEL = "-Onone";
				TARGETED_DEVICE_FAMILY = "1,2";
			};
			name = Debug;
		};
		3FEDDB4E1DE247BF0019C0D5 /* Release */ = {
			isa = XCBuildConfiguration;
			buildSettings = {
				ALWAYS_SEARCH_USER_PATHS = NO;
				CLANG_ANALYZER_NONNULL = YES;
				CLANG_CXX_LANGUAGE_STANDARD = "gnu++0x";
				CLANG_CXX_LIBRARY = "libc++";
				CLANG_ENABLE_MODULES = YES;
				CLANG_ENABLE_OBJC_ARC = YES;
				CLANG_WARN_BLOCK_CAPTURE_AUTORELEASING = YES;
				CLANG_WARN_BOOL_CONVERSION = YES;
				CLANG_WARN_COMMA = YES;
				CLANG_WARN_CONSTANT_CONVERSION = YES;
				CLANG_WARN_DEPRECATED_OBJC_IMPLEMENTATIONS = YES;
				CLANG_WARN_DIRECT_OBJC_ISA_USAGE = YES_ERROR;
				CLANG_WARN_DOCUMENTATION_COMMENTS = YES;
				CLANG_WARN_EMPTY_BODY = YES;
				CLANG_WARN_ENUM_CONVERSION = YES;
				CLANG_WARN_INFINITE_RECURSION = YES;
				CLANG_WARN_INT_CONVERSION = YES;
				CLANG_WARN_NON_LITERAL_NULL_CONVERSION = YES;
				CLANG_WARN_OBJC_IMPLICIT_RETAIN_SELF = YES;
				CLANG_WARN_OBJC_LITERAL_CONVERSION = YES;
				CLANG_WARN_OBJC_ROOT_CLASS = YES_ERROR;
				CLANG_WARN_RANGE_LOOP_ANALYSIS = YES;
				CLANG_WARN_STRICT_PROTOTYPES = YES;
				CLANG_WARN_SUSPICIOUS_MOVE = YES;
				CLANG_WARN_SUSPICIOUS_MOVES = YES;
				CLANG_WARN_UNREACHABLE_CODE = YES;
				CLANG_WARN__DUPLICATE_METHOD_MATCH = YES;
				"CODE_SIGN_IDENTITY[sdk=iphoneos*]" = "iPhone Developer";
				COPY_PHASE_STRIP = NO;
				DEBUG_INFORMATION_FORMAT = "dwarf-with-dsym";
				ENABLE_NS_ASSERTIONS = NO;
				ENABLE_STRICT_OBJC_MSGSEND = YES;
				GCC_C_LANGUAGE_STANDARD = gnu99;
				GCC_NO_COMMON_BLOCKS = YES;
				GCC_WARN_64_TO_32_BIT_CONVERSION = YES;
				GCC_WARN_ABOUT_RETURN_TYPE = YES_ERROR;
				GCC_WARN_UNDECLARED_SELECTOR = YES;
				GCC_WARN_UNINITIALIZED_AUTOS = YES_AGGRESSIVE;
				GCC_WARN_UNUSED_FUNCTION = YES;
				GCC_WARN_UNUSED_VARIABLE = YES;
				IPHONEOS_DEPLOYMENT_TARGET = 10.1;
				MTL_ENABLE_DEBUG_INFO = NO;
				SDKROOT = iphoneos;
				SWIFT_OPTIMIZATION_LEVEL = "-Owholemodule";
				TARGETED_DEVICE_FAMILY = "1,2";
				VALIDATE_PRODUCT = YES;
			};
			name = Release;
		};
		3FEDDB501DE247BF0019C0D5 /* Debug */ = {
			isa = XCBuildConfiguration;
			buildSettings = {
				ASSETCATALOG_COMPILER_APPICON_NAME = AppIcon;
				DEVELOPMENT_TEAM = 6D3BYZW743;
				INFOPLIST_FILE = Sudoku/Info.plist;
				IPHONEOS_DEPLOYMENT_TARGET = 9.3;
				LD_RUNPATH_SEARCH_PATHS = "$(inherited) @executable_path/Frameworks";
				PRODUCT_BUNDLE_IDENTIFIER = Jeremy.Sudoku;
				PRODUCT_NAME = "$(TARGET_NAME)";
				SWIFT_SWIFT3_OBJC_INFERENCE = On;
				SWIFT_VERSION = 4.2;
			};
			name = Debug;
		};
		3FEDDB511DE247BF0019C0D5 /* Release */ = {
			isa = XCBuildConfiguration;
			buildSettings = {
				ASSETCATALOG_COMPILER_APPICON_NAME = AppIcon;
				DEVELOPMENT_TEAM = 6D3BYZW743;
				INFOPLIST_FILE = Sudoku/Info.plist;
				IPHONEOS_DEPLOYMENT_TARGET = 9.3;
				LD_RUNPATH_SEARCH_PATHS = "$(inherited) @executable_path/Frameworks";
				PRODUCT_BUNDLE_IDENTIFIER = Jeremy.Sudoku;
				PRODUCT_NAME = "$(TARGET_NAME)";
				SWIFT_SWIFT3_OBJC_INFERENCE = On;
				SWIFT_VERSION = 4.2;
			};
			name = Release;
		};
		3FEDDB531DE247BF0019C0D5 /* Debug */ = {
			isa = XCBuildConfiguration;
			buildSettings = {
				ALWAYS_EMBED_SWIFT_STANDARD_LIBRARIES = YES;
				BUNDLE_LOADER = "$(TEST_HOST)";
				DEVELOPMENT_TEAM = 6D3BYZW743;
				INFOPLIST_FILE = SudokuTests/Info.plist;
				LD_RUNPATH_SEARCH_PATHS = "$(inherited) @executable_path/Frameworks @loader_path/Frameworks";
				PRODUCT_BUNDLE_IDENTIFIER = Jeremy.SudokuTests;
				PRODUCT_NAME = "$(TARGET_NAME)";
				SWIFT_SWIFT3_OBJC_INFERENCE = On;
				SWIFT_VERSION = 4.2;
				TEST_HOST = "$(BUILT_PRODUCTS_DIR)/Sudoku.app/Sudoku";
			};
			name = Debug;
		};
		3FEDDB541DE247BF0019C0D5 /* Release */ = {
			isa = XCBuildConfiguration;
			buildSettings = {
				ALWAYS_EMBED_SWIFT_STANDARD_LIBRARIES = YES;
				BUNDLE_LOADER = "$(TEST_HOST)";
				DEVELOPMENT_TEAM = 6D3BYZW743;
				INFOPLIST_FILE = SudokuTests/Info.plist;
				LD_RUNPATH_SEARCH_PATHS = "$(inherited) @executable_path/Frameworks @loader_path/Frameworks";
				PRODUCT_BUNDLE_IDENTIFIER = Jeremy.SudokuTests;
				PRODUCT_NAME = "$(TARGET_NAME)";
				SWIFT_SWIFT3_OBJC_INFERENCE = On;
				SWIFT_VERSION = 4.2;
				TEST_HOST = "$(BUILT_PRODUCTS_DIR)/Sudoku.app/Sudoku";
			};
			name = Release;
		};
/* End XCBuildConfiguration section */

/* Begin XCConfigurationList section */
		3FEDDB2A1DE247BF0019C0D5 /* Build configuration list for PBXProject "Sudoku" */ = {
			isa = XCConfigurationList;
			buildConfigurations = (
				3FEDDB4D1DE247BF0019C0D5 /* Debug */,
				3FEDDB4E1DE247BF0019C0D5 /* Release */,
			);
			defaultConfigurationIsVisible = 0;
			defaultConfigurationName = Release;
		};
		3FEDDB4F1DE247BF0019C0D5 /* Build configuration list for PBXNativeTarget "Sudoku" */ = {
			isa = XCConfigurationList;
			buildConfigurations = (
				3FEDDB501DE247BF0019C0D5 /* Debug */,
				3FEDDB511DE247BF0019C0D5 /* Release */,
			);
			defaultConfigurationIsVisible = 0;
			defaultConfigurationName = Release;
		};
		3FEDDB521DE247BF0019C0D5 /* Build configuration list for PBXNativeTarget "SudokuTests" */ = {
			isa = XCConfigurationList;
			buildConfigurations = (
				3FEDDB531DE247BF0019C0D5 /* Debug */,
				3FEDDB541DE247BF0019C0D5 /* Release */,
			);
			defaultConfigurationIsVisible = 0;
			defaultConfigurationName = Release;
		};
/* End XCConfigurationList section */

/* Begin XCVersionGroup section */
		3FEDDB391DE247BF0019C0D5 /* Sudoku.xcdatamodeld */ = {
			isa = XCVersionGroup;
			children = (
				3FEDDB3A1DE247BF0019C0D5 /* Sudoku.xcdatamodel */,
			);
			currentVersion = 3FEDDB3A1DE247BF0019C0D5 /* Sudoku.xcdatamodel */;
			path = Sudoku.xcdatamodeld;
			sourceTree = "<group>";
			versionGroupType = wrapper.xcdatamodel;
		};
/* End XCVersionGroup section */
	};
	rootObject = 3FEDDB271DE247BF0019C0D5 /* Project object */;
}
